// !$*UTF8*$!
{
	archiveVersion = 1;
	classes = {
	};
	objectVersion = 46;
	objects = {

/* Begin PBXBuildFile section */
		25A911E3DD109BA9B5A30F65 /* Pods.framework in Frameworks */ = {isa = PBXBuildFile; fileRef = E5C53AE276EA08AB906DFD73 /* Pods.framework */; settings = {ATTRIBUTES = (Weak, ); }; };
		CF0BE80A1A61DA98007FCA8E /* AppDelegate.swift in Sources */ = {isa = PBXBuildFile; fileRef = CF0BE8091A61DA98007FCA8E /* AppDelegate.swift */; };
		CF0BE8181A61DA98007FCA8E /* LaunchScreen.xib in Resources */ = {isa = PBXBuildFile; fileRef = CF0BE8161A61DA98007FCA8E /* LaunchScreen.xib */; };
		CF260EF91A9D19B300E1C053 /* MoodPickerView.swift in Sources */ = {isa = PBXBuildFile; fileRef = CF260EF81A9D19B300E1C053 /* MoodPickerView.swift */; };
		CF260EFD1A9D377B00E1C053 /* DurationPickerView.swift in Sources */ = {isa = PBXBuildFile; fileRef = CF260EFC1A9D377B00E1C053 /* DurationPickerView.swift */; };
		CF41104A1A84529500A78347 /* ReflectHeaderView.swift in Sources */ = {isa = PBXBuildFile; fileRef = CF4110491A84529500A78347 /* ReflectHeaderView.swift */; };
		CF41104C1A84579400A78347 /* AddReflectionViewController.swift in Sources */ = {isa = PBXBuildFile; fileRef = CF41104B1A84579400A78347 /* AddReflectionViewController.swift */; };
		CF4737EC1A943EC600F6D6D0 /* ReflectReminderView.swift in Sources */ = {isa = PBXBuildFile; fileRef = CF4737EB1A943EC600F6D6D0 /* ReflectReminderView.swift */; };
		CF60AD1C1A9BEA2300D57453 /* Duration.swift in Sources */ = {isa = PBXBuildFile; fileRef = CF60AD1B1A9BEA2300D57453 /* Duration.swift */; };
		CF65D9401A9F50CF006F7D42 /* DailyReminderView.swift in Sources */ = {isa = PBXBuildFile; fileRef = CF65D93F1A9F50CF006F7D42 /* DailyReminderView.swift */; };
		CF65D9421A9FB5E8006F7D42 /* UILocalNotification+Thesis.swift in Sources */ = {isa = PBXBuildFile; fileRef = CF65D9411A9FB5E8006F7D42 /* UILocalNotification+Thesis.swift */; };
		CF65D9441A9FCB85006F7D42 /* NSDate+Thesis.swift in Sources */ = {isa = PBXBuildFile; fileRef = CF65D9431A9FCB85006F7D42 /* NSDate+Thesis.swift */; };
		CF6FA8E11A8A3EF300856C8C /* UITabBar+State.swift in Sources */ = {isa = PBXBuildFile; fileRef = CF6FA8E01A8A3EF300856C8C /* UITabBar+State.swift */; };
		CF6FA8E51A8A55CD00856C8C /* UIApplication+Thesis.swift in Sources */ = {isa = PBXBuildFile; fileRef = CF6FA8E41A8A55CD00856C8C /* UIApplication+Thesis.swift */; };
		CF6FA8E71A8A714D00856C8C /* UIWebView+ConfigureForReading.swift in Sources */ = {isa = PBXBuildFile; fileRef = CF6FA8E61A8A714D00856C8C /* UIWebView+ConfigureForReading.swift */; };
		CF6FA8E91A8AA2E800856C8C /* RootViewController.swift in Sources */ = {isa = PBXBuildFile; fileRef = CF6FA8E81A8AA2E800856C8C /* RootViewController.swift */; };
		CF6FA8F11A8ABBEC00856C8C /* NSDate+Additions.swift in Sources */ = {isa = PBXBuildFile; fileRef = CF6FA8F01A8ABBEC00856C8C /* NSDate+Additions.swift */; };
		CF6FA8F31A8AD11E00856C8C /* ReflectSectionHeaderView.swift in Sources */ = {isa = PBXBuildFile; fileRef = CF6FA8F21A8AD11E00856C8C /* ReflectSectionHeaderView.swift */; };
		CF6FA8F91A8AF5F600856C8C /* Mood.swift in Sources */ = {isa = PBXBuildFile; fileRef = CF6FA8F81A8AF5F600856C8C /* Mood.swift */; };
		CF725FCF1A82D09300B6EE2B /* Reflection.swift in Sources */ = {isa = PBXBuildFile; fileRef = CF725FCE1A82D09300B6EE2B /* Reflection.swift */; };
		CF7383B21AA1FBC6009A3428 /* UIView+Animations.swift in Sources */ = {isa = PBXBuildFile; fileRef = CF7383B11AA1FBC6009A3428 /* UIView+Animations.swift */; };
		CF76D1CA1A7EF5FA00A32859 /* OnboardingViewController.swift in Sources */ = {isa = PBXBuildFile; fileRef = CF76D1C91A7EF5FA00A32859 /* OnboardingViewController.swift */; };
		CF76D1CC1A7EF64700A32859 /* OnboardingWelcomeController.swift in Sources */ = {isa = PBXBuildFile; fileRef = CF76D1CB1A7EF64700A32859 /* OnboardingWelcomeController.swift */; };
		CF76D1CF1A7EF76900A32859 /* OnboardingCompleteController.swift in Sources */ = {isa = PBXBuildFile; fileRef = CF76D1CE1A7EF76900A32859 /* OnboardingCompleteController.swift */; };
		CF7E4FE81A8B84FA00E131C5 /* CalmingScenesViewController.swift in Sources */ = {isa = PBXBuildFile; fileRef = CF7E4FE71A8B84FA00E131C5 /* CalmingScenesViewController.swift */; };
		CF7E4FEA1A8B859E00E131C5 /* Scenes in Resources */ = {isa = PBXBuildFile; fileRef = CF7E4FE91A8B859E00E131C5 /* Scenes */; };
		CF889CB71A89B3F0004D2206 /* Main.storyboard in Resources */ = {isa = PBXBuildFile; fileRef = CF889CB51A89B3F0004D2206 /* Main.storyboard */; };
		CF889CB91A89B7C0004D2206 /* FloatingTabBar.swift in Sources */ = {isa = PBXBuildFile; fileRef = CF889CB81A89B7C0004D2206 /* FloatingTabBar.swift */; };
		CF889CBE1A89CDE2004D2206 /* UIAppearance+Swift.m in Sources */ = {isa = PBXBuildFile; fileRef = CF889CBD1A89CDE2004D2206 /* UIAppearance+Swift.m */; };
		CF889CC21A89D6D5004D2206 /* Images.xcassets in Resources */ = {isa = PBXBuildFile; fileRef = CF889CC11A89D6D5004D2206 /* Images.xcassets */; };
		CF9D9C561A84478B002DAB17 /* ReflectViewController.swift in Sources */ = {isa = PBXBuildFile; fileRef = CF9D9C551A84478B002DAB17 /* ReflectViewController.swift */; };
		CFA5D2B81A9AD35C00CFFADF /* OnboardingGADController.swift in Sources */ = {isa = PBXBuildFile; fileRef = CFA5D2B71A9AD35C00CFFADF /* OnboardingGADController.swift */; };
		CFA5D2BA1A9AD59C00CFFADF /* OnboardingTutorialController.swift in Sources */ = {isa = PBXBuildFile; fileRef = CFA5D2B91A9AD59C00CFFADF /* OnboardingTutorialController.swift */; };
		CFA5D2BC1A9B3A7400CFFADF /* OnboardingReminderController.swift in Sources */ = {isa = PBXBuildFile; fileRef = CFA5D2BB1A9B3A7400CFFADF /* OnboardingReminderController.swift */; };
		CFA5D2BE1A9B5F1300CFFADF /* Statements.plist in Resources */ = {isa = PBXBuildFile; fileRef = CFA5D2BD1A9B5F1300CFFADF /* Statements.plist */; };
		CFA5D2C01A9B5F7A00CFFADF /* StatementsViewController.swift in Sources */ = {isa = PBXBuildFile; fileRef = CFA5D2BF1A9B5F7A00CFFADF /* StatementsViewController.swift */; };
		CFA5D2C21A9B60C300CFFADF /* StatementTableViewCell.swift in Sources */ = {isa = PBXBuildFile; fileRef = CFA5D2C11A9B60C300CFFADF /* StatementTableViewCell.swift */; };
		CFA5D2C41A9B60CD00CFFADF /* StatementTableViewCell+ConfigureForStatement.swift in Sources */ = {isa = PBXBuildFile; fileRef = CFA5D2C31A9B60CD00CFFADF /* StatementTableViewCell+ConfigureForStatement.swift */; };
		CFA5D2C71A9B621B00CFFADF /* CalmingSceneViewController.swift in Sources */ = {isa = PBXBuildFile; fileRef = CFA5D2C61A9B621B00CFFADF /* CalmingSceneViewController.swift */; };
		CFA5D2CA1A9B628600CFFADF /* StatementsHeaderView.swift in Sources */ = {isa = PBXBuildFile; fileRef = CFA5D2C91A9B628600CFFADF /* StatementsHeaderView.swift */; };
		CFA5D2CC1A9B63FE00CFFADF /* StatementsFooterView.swift in Sources */ = {isa = PBXBuildFile; fileRef = CFA5D2CB1A9B63FE00CFFADF /* StatementsFooterView.swift */; };
		CFB3B0C61A9D4B700036984A /* FadeTransitionManager.swift in Sources */ = {isa = PBXBuildFile; fileRef = CFB3B0C51A9D4B700036984A /* FadeTransitionManager.swift */; };
		CFBA82711A870B120030F13D /* UIColor+Thesis.swift in Sources */ = {isa = PBXBuildFile; fileRef = CFBA82701A870B120030F13D /* UIColor+Thesis.swift */; };
		CFBB40681A9934730036065A /* ReadingTableViewCell+ConfigureForReading.swift in Sources */ = {isa = PBXBuildFile; fileRef = CFBB40671A9934730036065A /* ReadingTableViewCell+ConfigureForReading.swift */; };
		CFBB406A1A9934FC0036065A /* ReflectTableViewCell+ConfigureForReflection.swift in Sources */ = {isa = PBXBuildFile; fileRef = CFBB40691A9934FC0036065A /* ReflectTableViewCell+ConfigureForReflection.swift */; };
		CFBB406C1A9935170036065A /* ReflectSectionHeaderView+ConfigureForDate.swift in Sources */ = {isa = PBXBuildFile; fileRef = CFBB406B1A9935170036065A /* ReflectSectionHeaderView+ConfigureForDate.swift */; };
		CFBB406E1A99352B0036065A /* ReflectReminderView+ConfigureForSection.swift in Sources */ = {isa = PBXBuildFile; fileRef = CFBB406D1A99352B0036065A /* ReflectReminderView+ConfigureForSection.swift */; };
		CFBB8DB11A87C4A20087AA3A /* ReflectTableViewCell.swift in Sources */ = {isa = PBXBuildFile; fileRef = CFBB8DB01A87C4A20087AA3A /* ReflectTableViewCell.swift */; };
		CFBB8DB71A87CF300087AA3A /* SDCloudUserDefaults+Thesis.swift in Sources */ = {isa = PBXBuildFile; fileRef = CFBB8DB61A87CF300087AA3A /* SDCloudUserDefaults+Thesis.swift */; };
		CFC201111A9F47F700B61D66 /* UINavigationController+StatusBar.swift in Sources */ = {isa = PBXBuildFile; fileRef = CFC201101A9F47F700B61D66 /* UINavigationController+StatusBar.swift */; };
		CFCA71891A942CE500D0B896 /* LBorderView.m in Sources */ = {isa = PBXBuildFile; fileRef = CFCA71881A942CE500D0B896 /* LBorderView.m */; };
		CFD38CC11A9BA82E00176F9E /* DeepBreathingViewController.swift in Sources */ = {isa = PBXBuildFile; fileRef = CFD38CC01A9BA82E00176F9E /* DeepBreathingViewController.swift */; };
		CFE5F58C1A93862A0011008A /* ChunkyButton.swift in Sources */ = {isa = PBXBuildFile; fileRef = CFE5F58B1A93862A0011008A /* ChunkyButton.swift */; };
		CFEDD02F1A87F109000A1492 /* UIColor+RGB.swift in Sources */ = {isa = PBXBuildFile; fileRef = CFEDD02E1A87F109000A1492 /* UIColor+RGB.swift */; };
		CFEDD0331A8853E2000A1492 /* AddReflectionPageView.swift in Sources */ = {isa = PBXBuildFile; fileRef = CFEDD0321A8853E2000A1492 /* AddReflectionPageView.swift */; };
		CFF6E2331A8CDAD100881B40 /* RelaxationController.swift in Sources */ = {isa = PBXBuildFile; fileRef = CFF6E2321A8CDAD100881B40 /* RelaxationController.swift */; };
		CFF6E2351A8CF4F000881B40 /* UIButton+Positioning.swift in Sources */ = {isa = PBXBuildFile; fileRef = CFF6E2341A8CF4F000881B40 /* UIButton+Positioning.swift */; };
		CFF74A3E1A9914130081DF9F /* FullScreenController.swift in Sources */ = {isa = PBXBuildFile; fileRef = CFF74A3D1A9914130081DF9F /* FullScreenController.swift */; };
		CFF74A401A9916B70081DF9F /* ConstrainedTableView.swift in Sources */ = {isa = PBXBuildFile; fileRef = CFF74A3F1A9916B70081DF9F /* ConstrainedTableView.swift */; };
		CFF8D6D71A7EB853003CF3DD /* LearnViewController.swift in Sources */ = {isa = PBXBuildFile; fileRef = CFF8D6D61A7EB853003CF3DD /* LearnViewController.swift */; };
		CFF8D6D91A7EBAC2003CF3DD /* Readings.plist in Resources */ = {isa = PBXBuildFile; fileRef = CFF8D6D81A7EBAC2003CF3DD /* Readings.plist */; };
		CFF8D70D1A7EC722003CF3DD /* ReadingViewController.swift in Sources */ = {isa = PBXBuildFile; fileRef = CFF8D70C1A7EC722003CF3DD /* ReadingViewController.swift */; };
		CFF8D7161A7ECA54003CF3DD /* Readings in Resources */ = {isa = PBXBuildFile; fileRef = CFF8D7151A7ECA54003CF3DD /* Readings */; };
		EC063E2D1A890ECA008FDA6C /* ReadingTableViewCell.swift in Sources */ = {isa = PBXBuildFile; fileRef = EC063E2C1A890ECA008FDA6C /* ReadingTableViewCell.swift */; };
		EC063E311A892433008FDA6C /* LearnHeaderView.swift in Sources */ = {isa = PBXBuildFile; fileRef = EC063E301A892433008FDA6C /* LearnHeaderView.swift */; };
		EC3317A31A64378D00DD6604 /* RelaxViewController.swift in Sources */ = {isa = PBXBuildFile; fileRef = EC3317A21A64378D00DD6604 /* RelaxViewController.swift */; };
		EC6FB7141A9E28640091199F /* UIImageView+Thesis.swift in Sources */ = {isa = PBXBuildFile; fileRef = EC6FB7131A9E28640091199F /* UIImageView+Thesis.swift */; };
		ECBE8D991A8BA1E7000AC325 /* SlidingViewController.swift in Sources */ = {isa = PBXBuildFile; fileRef = ECBE8D981A8BA1E7000AC325 /* SlidingViewController.swift */; };
/* End PBXBuildFile section */

/* Begin PBXFileReference section */
		103EE2BE3C6876CE274F4D9A /* Pods.release.xcconfig */ = {isa = PBXFileReference; includeInIndex = 1; lastKnownFileType = text.xcconfig; name = Pods.release.xcconfig; path = "Pods/Target Support Files/Pods/Pods.release.xcconfig"; sourceTree = "<group>"; };
		C2684FB78F3DE3C94E8F7299 /* Pods.debug.xcconfig */ = {isa = PBXFileReference; includeInIndex = 1; lastKnownFileType = text.xcconfig; name = Pods.debug.xcconfig; path = "Pods/Target Support Files/Pods/Pods.debug.xcconfig"; sourceTree = "<group>"; };
		CF0BE8041A61DA98007FCA8E /* Thesis.app */ = {isa = PBXFileReference; explicitFileType = wrapper.application; includeInIndex = 0; path = Thesis.app; sourceTree = BUILT_PRODUCTS_DIR; };
		CF0BE8081A61DA98007FCA8E /* Info.plist */ = {isa = PBXFileReference; lastKnownFileType = text.plist.xml; path = Info.plist; sourceTree = "<group>"; };
		CF0BE8091A61DA98007FCA8E /* AppDelegate.swift */ = {isa = PBXFileReference; lastKnownFileType = sourcecode.swift; path = AppDelegate.swift; sourceTree = "<group>"; };
		CF0BE8171A61DA98007FCA8E /* Base */ = {isa = PBXFileReference; lastKnownFileType = file.xib; name = Base; path = Base.lproj/LaunchScreen.xib; sourceTree = "<group>"; };
		CF0BE82D1A636D06007FCA8E /* Thesis.entitlements */ = {isa = PBXFileReference; lastKnownFileType = text.xml; path = Thesis.entitlements; sourceTree = "<group>"; };
		CF0BE8601A64501D007FCA8E /* Thesis-Bridging-Header.h */ = {isa = PBXFileReference; lastKnownFileType = sourcecode.c.h; path = "Thesis-Bridging-Header.h"; sourceTree = "<group>"; };
		CF260EF81A9D19B300E1C053 /* MoodPickerView.swift */ = {isa = PBXFileReference; fileEncoding = 4; lastKnownFileType = sourcecode.swift; path = MoodPickerView.swift; sourceTree = "<group>"; };
		CF260EFC1A9D377B00E1C053 /* DurationPickerView.swift */ = {isa = PBXFileReference; fileEncoding = 4; lastKnownFileType = sourcecode.swift; path = DurationPickerView.swift; sourceTree = "<group>"; };
		CF4110491A84529500A78347 /* ReflectHeaderView.swift */ = {isa = PBXFileReference; fileEncoding = 4; lastKnownFileType = sourcecode.swift; path = ReflectHeaderView.swift; sourceTree = "<group>"; };
		CF41104B1A84579400A78347 /* AddReflectionViewController.swift */ = {isa = PBXFileReference; fileEncoding = 4; lastKnownFileType = sourcecode.swift; path = AddReflectionViewController.swift; sourceTree = "<group>"; };
		CF4737EB1A943EC600F6D6D0 /* ReflectReminderView.swift */ = {isa = PBXFileReference; fileEncoding = 4; lastKnownFileType = sourcecode.swift; path = ReflectReminderView.swift; sourceTree = "<group>"; };
		CF60AD1B1A9BEA2300D57453 /* Duration.swift */ = {isa = PBXFileReference; fileEncoding = 4; lastKnownFileType = sourcecode.swift; path = Duration.swift; sourceTree = "<group>"; };
		CF65D93F1A9F50CF006F7D42 /* DailyReminderView.swift */ = {isa = PBXFileReference; fileEncoding = 4; lastKnownFileType = sourcecode.swift; path = DailyReminderView.swift; sourceTree = "<group>"; };
		CF65D9411A9FB5E8006F7D42 /* UILocalNotification+Thesis.swift */ = {isa = PBXFileReference; fileEncoding = 4; lastKnownFileType = sourcecode.swift; path = "UILocalNotification+Thesis.swift"; sourceTree = "<group>"; };
		CF65D9431A9FCB85006F7D42 /* NSDate+Thesis.swift */ = {isa = PBXFileReference; fileEncoding = 4; lastKnownFileType = sourcecode.swift; path = "NSDate+Thesis.swift"; sourceTree = "<group>"; };
		CF6FA8E01A8A3EF300856C8C /* UITabBar+State.swift */ = {isa = PBXFileReference; fileEncoding = 4; lastKnownFileType = sourcecode.swift; path = "UITabBar+State.swift"; sourceTree = "<group>"; };
		CF6FA8E41A8A55CD00856C8C /* UIApplication+Thesis.swift */ = {isa = PBXFileReference; fileEncoding = 4; lastKnownFileType = sourcecode.swift; path = "UIApplication+Thesis.swift"; sourceTree = "<group>"; };
		CF6FA8E61A8A714D00856C8C /* UIWebView+ConfigureForReading.swift */ = {isa = PBXFileReference; fileEncoding = 4; lastKnownFileType = sourcecode.swift; path = "UIWebView+ConfigureForReading.swift"; sourceTree = "<group>"; };
		CF6FA8E81A8AA2E800856C8C /* RootViewController.swift */ = {isa = PBXFileReference; fileEncoding = 4; lastKnownFileType = sourcecode.swift; path = RootViewController.swift; sourceTree = "<group>"; };
		CF6FA8F01A8ABBEC00856C8C /* NSDate+Additions.swift */ = {isa = PBXFileReference; fileEncoding = 4; lastKnownFileType = sourcecode.swift; path = "NSDate+Additions.swift"; sourceTree = "<group>"; };
		CF6FA8F21A8AD11E00856C8C /* ReflectSectionHeaderView.swift */ = {isa = PBXFileReference; fileEncoding = 4; lastKnownFileType = sourcecode.swift; path = ReflectSectionHeaderView.swift; sourceTree = "<group>"; };
		CF6FA8F81A8AF5F600856C8C /* Mood.swift */ = {isa = PBXFileReference; fileEncoding = 4; lastKnownFileType = sourcecode.swift; path = Mood.swift; sourceTree = "<group>"; };
		CF725FCE1A82D09300B6EE2B /* Reflection.swift */ = {isa = PBXFileReference; fileEncoding = 4; lastKnownFileType = sourcecode.swift; path = Reflection.swift; sourceTree = "<group>"; };
		CF7383B11AA1FBC6009A3428 /* UIView+Animations.swift */ = {isa = PBXFileReference; fileEncoding = 4; lastKnownFileType = sourcecode.swift; path = "UIView+Animations.swift"; sourceTree = "<group>"; };
		CF76D1C91A7EF5FA00A32859 /* OnboardingViewController.swift */ = {isa = PBXFileReference; fileEncoding = 4; lastKnownFileType = sourcecode.swift; path = OnboardingViewController.swift; sourceTree = "<group>"; };
		CF76D1CB1A7EF64700A32859 /* OnboardingWelcomeController.swift */ = {isa = PBXFileReference; fileEncoding = 4; lastKnownFileType = sourcecode.swift; path = OnboardingWelcomeController.swift; sourceTree = "<group>"; };
		CF76D1CE1A7EF76900A32859 /* OnboardingCompleteController.swift */ = {isa = PBXFileReference; fileEncoding = 4; lastKnownFileType = sourcecode.swift; path = OnboardingCompleteController.swift; sourceTree = "<group>"; };
		CF7E4FE71A8B84FA00E131C5 /* CalmingScenesViewController.swift */ = {isa = PBXFileReference; fileEncoding = 4; lastKnownFileType = sourcecode.swift; path = CalmingScenesViewController.swift; sourceTree = "<group>"; };
		CF7E4FE91A8B859E00E131C5 /* Scenes */ = {isa = PBXFileReference; lastKnownFileType = folder; path = Scenes; sourceTree = "<group>"; };
		CF889CB61A89B3F0004D2206 /* Base */ = {isa = PBXFileReference; lastKnownFileType = file.storyboard; name = Base; path = Base.lproj/Main.storyboard; sourceTree = "<group>"; };
		CF889CB81A89B7C0004D2206 /* FloatingTabBar.swift */ = {isa = PBXFileReference; fileEncoding = 4; lastKnownFileType = sourcecode.swift; path = FloatingTabBar.swift; sourceTree = "<group>"; };
		CF889CBC1A89CDBF004D2206 /* UIAppearance+Swift.h */ = {isa = PBXFileReference; lastKnownFileType = sourcecode.c.h; path = "UIAppearance+Swift.h"; sourceTree = "<group>"; };
		CF889CBD1A89CDE2004D2206 /* UIAppearance+Swift.m */ = {isa = PBXFileReference; fileEncoding = 4; lastKnownFileType = sourcecode.c.objc; path = "UIAppearance+Swift.m"; sourceTree = "<group>"; };
		CF889CC11A89D6D5004D2206 /* Images.xcassets */ = {isa = PBXFileReference; lastKnownFileType = folder.assetcatalog; path = Images.xcassets; sourceTree = "<group>"; };
		CF9D9C551A84478B002DAB17 /* ReflectViewController.swift */ = {isa = PBXFileReference; fileEncoding = 4; lastKnownFileType = sourcecode.swift; path = ReflectViewController.swift; sourceTree = "<group>"; };
		CFA5D2B71A9AD35C00CFFADF /* OnboardingGADController.swift */ = {isa = PBXFileReference; fileEncoding = 4; lastKnownFileType = sourcecode.swift; path = OnboardingGADController.swift; sourceTree = "<group>"; };
		CFA5D2B91A9AD59C00CFFADF /* OnboardingTutorialController.swift */ = {isa = PBXFileReference; fileEncoding = 4; lastKnownFileType = sourcecode.swift; path = OnboardingTutorialController.swift; sourceTree = "<group>"; };
		CFA5D2BB1A9B3A7400CFFADF /* OnboardingReminderController.swift */ = {isa = PBXFileReference; fileEncoding = 4; lastKnownFileType = sourcecode.swift; path = OnboardingReminderController.swift; sourceTree = "<group>"; };
		CFA5D2BD1A9B5F1300CFFADF /* Statements.plist */ = {isa = PBXFileReference; fileEncoding = 4; lastKnownFileType = text.plist.xml; path = Statements.plist; sourceTree = "<group>"; };
		CFA5D2BF1A9B5F7A00CFFADF /* StatementsViewController.swift */ = {isa = PBXFileReference; fileEncoding = 4; lastKnownFileType = sourcecode.swift; path = StatementsViewController.swift; sourceTree = "<group>"; };
		CFA5D2C11A9B60C300CFFADF /* StatementTableViewCell.swift */ = {isa = PBXFileReference; fileEncoding = 4; lastKnownFileType = sourcecode.swift; path = StatementTableViewCell.swift; sourceTree = "<group>"; };
		CFA5D2C31A9B60CD00CFFADF /* StatementTableViewCell+ConfigureForStatement.swift */ = {isa = PBXFileReference; fileEncoding = 4; lastKnownFileType = sourcecode.swift; path = "StatementTableViewCell+ConfigureForStatement.swift"; sourceTree = "<group>"; };
		CFA5D2C61A9B621B00CFFADF /* CalmingSceneViewController.swift */ = {isa = PBXFileReference; fileEncoding = 4; lastKnownFileType = sourcecode.swift; path = CalmingSceneViewController.swift; sourceTree = "<group>"; };
		CFA5D2C91A9B628600CFFADF /* StatementsHeaderView.swift */ = {isa = PBXFileReference; fileEncoding = 4; lastKnownFileType = sourcecode.swift; path = StatementsHeaderView.swift; sourceTree = "<group>"; };
		CFA5D2CB1A9B63FE00CFFADF /* StatementsFooterView.swift */ = {isa = PBXFileReference; fileEncoding = 4; lastKnownFileType = sourcecode.swift; path = StatementsFooterView.swift; sourceTree = "<group>"; };
		CFB3B0C51A9D4B700036984A /* FadeTransitionManager.swift */ = {isa = PBXFileReference; fileEncoding = 4; lastKnownFileType = sourcecode.swift; path = FadeTransitionManager.swift; sourceTree = "<group>"; };
		CFBA82701A870B120030F13D /* UIColor+Thesis.swift */ = {isa = PBXFileReference; fileEncoding = 4; lastKnownFileType = sourcecode.swift; path = "UIColor+Thesis.swift"; sourceTree = "<group>"; };
		CFBB40671A9934730036065A /* ReadingTableViewCell+ConfigureForReading.swift */ = {isa = PBXFileReference; fileEncoding = 4; lastKnownFileType = sourcecode.swift; path = "ReadingTableViewCell+ConfigureForReading.swift"; sourceTree = "<group>"; };
		CFBB40691A9934FC0036065A /* ReflectTableViewCell+ConfigureForReflection.swift */ = {isa = PBXFileReference; fileEncoding = 4; lastKnownFileType = sourcecode.swift; path = "ReflectTableViewCell+ConfigureForReflection.swift"; sourceTree = "<group>"; };
		CFBB406B1A9935170036065A /* ReflectSectionHeaderView+ConfigureForDate.swift */ = {isa = PBXFileReference; fileEncoding = 4; lastKnownFileType = sourcecode.swift; path = "ReflectSectionHeaderView+ConfigureForDate.swift"; sourceTree = "<group>"; };
		CFBB406D1A99352B0036065A /* ReflectReminderView+ConfigureForSection.swift */ = {isa = PBXFileReference; fileEncoding = 4; lastKnownFileType = sourcecode.swift; path = "ReflectReminderView+ConfigureForSection.swift"; sourceTree = "<group>"; };
		CFBB8DB01A87C4A20087AA3A /* ReflectTableViewCell.swift */ = {isa = PBXFileReference; fileEncoding = 4; lastKnownFileType = sourcecode.swift; path = ReflectTableViewCell.swift; sourceTree = "<group>"; };
		CFBB8DB61A87CF300087AA3A /* SDCloudUserDefaults+Thesis.swift */ = {isa = PBXFileReference; fileEncoding = 4; lastKnownFileType = sourcecode.swift; path = "SDCloudUserDefaults+Thesis.swift"; sourceTree = "<group>"; };
		CFC201101A9F47F700B61D66 /* UINavigationController+StatusBar.swift */ = {isa = PBXFileReference; fileEncoding = 4; lastKnownFileType = sourcecode.swift; path = "UINavigationController+StatusBar.swift"; sourceTree = "<group>"; };
		CFCA71871A942CCA00D0B896 /* LBorderView.h */ = {isa = PBXFileReference; lastKnownFileType = sourcecode.c.h; path = LBorderView.h; sourceTree = "<group>"; };
		CFCA71881A942CE500D0B896 /* LBorderView.m */ = {isa = PBXFileReference; fileEncoding = 4; lastKnownFileType = sourcecode.c.objc; path = LBorderView.m; sourceTree = "<group>"; };
		CFD38CC01A9BA82E00176F9E /* DeepBreathingViewController.swift */ = {isa = PBXFileReference; fileEncoding = 4; lastKnownFileType = sourcecode.swift; path = DeepBreathingViewController.swift; sourceTree = "<group>"; };
		CFE5F58B1A93862A0011008A /* ChunkyButton.swift */ = {isa = PBXFileReference; fileEncoding = 4; lastKnownFileType = sourcecode.swift; path = ChunkyButton.swift; sourceTree = "<group>"; };
		CFEDD02E1A87F109000A1492 /* UIColor+RGB.swift */ = {isa = PBXFileReference; fileEncoding = 4; lastKnownFileType = sourcecode.swift; path = "UIColor+RGB.swift"; sourceTree = "<group>"; };
		CFEDD0321A8853E2000A1492 /* AddReflectionPageView.swift */ = {isa = PBXFileReference; fileEncoding = 4; lastKnownFileType = sourcecode.swift; path = AddReflectionPageView.swift; sourceTree = "<group>"; };
		CFF6E2321A8CDAD100881B40 /* RelaxationController.swift */ = {isa = PBXFileReference; fileEncoding = 4; lastKnownFileType = sourcecode.swift; path = RelaxationController.swift; sourceTree = "<group>"; };
		CFF6E2341A8CF4F000881B40 /* UIButton+Positioning.swift */ = {isa = PBXFileReference; fileEncoding = 4; lastKnownFileType = sourcecode.swift; path = "UIButton+Positioning.swift"; sourceTree = "<group>"; };
		CFF74A3D1A9914130081DF9F /* FullScreenController.swift */ = {isa = PBXFileReference; fileEncoding = 4; lastKnownFileType = sourcecode.swift; path = FullScreenController.swift; sourceTree = "<group>"; };
		CFF74A3F1A9916B70081DF9F /* ConstrainedTableView.swift */ = {isa = PBXFileReference; fileEncoding = 4; lastKnownFileType = sourcecode.swift; path = ConstrainedTableView.swift; sourceTree = "<group>"; };
		CFF8D6D61A7EB853003CF3DD /* LearnViewController.swift */ = {isa = PBXFileReference; fileEncoding = 4; lastKnownFileType = sourcecode.swift; path = LearnViewController.swift; sourceTree = "<group>"; };
		CFF8D6D81A7EBAC2003CF3DD /* Readings.plist */ = {isa = PBXFileReference; fileEncoding = 4; lastKnownFileType = text.plist.xml; path = Readings.plist; sourceTree = "<group>"; };
		CFF8D70C1A7EC722003CF3DD /* ReadingViewController.swift */ = {isa = PBXFileReference; fileEncoding = 4; lastKnownFileType = sourcecode.swift; path = ReadingViewController.swift; sourceTree = "<group>"; };
		CFF8D7151A7ECA54003CF3DD /* Readings */ = {isa = PBXFileReference; lastKnownFileType = folder; path = Readings; sourceTree = "<group>"; };
		E5C53AE276EA08AB906DFD73 /* Pods.framework */ = {isa = PBXFileReference; explicitFileType = wrapper.framework; includeInIndex = 0; path = Pods.framework; sourceTree = BUILT_PRODUCTS_DIR; };
		EC063E2C1A890ECA008FDA6C /* ReadingTableViewCell.swift */ = {isa = PBXFileReference; fileEncoding = 4; lastKnownFileType = sourcecode.swift; path = ReadingTableViewCell.swift; sourceTree = "<group>"; };
		EC063E301A892433008FDA6C /* LearnHeaderView.swift */ = {isa = PBXFileReference; fileEncoding = 4; lastKnownFileType = sourcecode.swift; path = LearnHeaderView.swift; sourceTree = "<group>"; };
		EC3317A21A64378D00DD6604 /* RelaxViewController.swift */ = {isa = PBXFileReference; fileEncoding = 4; lastKnownFileType = sourcecode.swift; path = RelaxViewController.swift; sourceTree = "<group>"; };
		EC6FB7131A9E28640091199F /* UIImageView+Thesis.swift */ = {isa = PBXFileReference; fileEncoding = 4; lastKnownFileType = sourcecode.swift; path = "UIImageView+Thesis.swift"; sourceTree = "<group>"; };
		ECBE8D981A8BA1E7000AC325 /* SlidingViewController.swift */ = {isa = PBXFileReference; fileEncoding = 4; lastKnownFileType = sourcecode.swift; path = SlidingViewController.swift; sourceTree = "<group>"; };
/* End PBXFileReference section */

/* Begin PBXFrameworksBuildPhase section */
		CF0BE8011A61DA98007FCA8E /* Frameworks */ = {
			isa = PBXFrameworksBuildPhase;
			buildActionMask = 2147483647;
			files = (
				25A911E3DD109BA9B5A30F65 /* Pods.framework in Frameworks */,
			);
			runOnlyForDeploymentPostprocessing = 0;
		};
/* End PBXFrameworksBuildPhase section */

/* Begin PBXGroup section */
		20847F6B13261298A8E28F44 /* Frameworks */ = {
			isa = PBXGroup;
			children = (
				E5C53AE276EA08AB906DFD73 /* Pods.framework */,
			);
			name = Frameworks;
			sourceTree = "<group>";
		};
		6CDA7435C189DFC78E9A73F0 /* Pods */ = {
			isa = PBXGroup;
			children = (
				C2684FB78F3DE3C94E8F7299 /* Pods.debug.xcconfig */,
				103EE2BE3C6876CE274F4D9A /* Pods.release.xcconfig */,
			);
			name = Pods;
			sourceTree = "<group>";
		};
		CF0BE7FB1A61DA98007FCA8E = {
			isa = PBXGroup;
			children = (
				CF0BE8061A61DA98007FCA8E /* Thesis */,
				CF0BE8051A61DA98007FCA8E /* Products */,
				6CDA7435C189DFC78E9A73F0 /* Pods */,
				20847F6B13261298A8E28F44 /* Frameworks */,
			);
			sourceTree = "<group>";
		};
		CF0BE8051A61DA98007FCA8E /* Products */ = {
			isa = PBXGroup;
			children = (
				CF0BE8041A61DA98007FCA8E /* Thesis.app */,
			);
			name = Products;
			sourceTree = "<group>";
		};
		CF0BE8061A61DA98007FCA8E /* Thesis */ = {
			isa = PBXGroup;
			children = (
				CF0BE8091A61DA98007FCA8E /* AppDelegate.swift */,
				CFBA823A1A8704340030F13D /* Extensions */,
				CFBA823C1A8704460030F13D /* Models */,
				CFBA823D1A8704510030F13D /* Views */,
				CFBA823B1A8704400030F13D /* Controllers */,
				CF76D1CD1A7EF67000A32859 /* Onboarding */,
				CF6FA8FB1A8AFFFC00856C8C /* Learn */,
				CF6FA8FA1A8AFFDD00856C8C /* Relax */,
				CF6FA8FC1A8B000300856C8C /* Reflect */,
				CF889CB51A89B3F0004D2206 /* Main.storyboard */,
				CF0BE8161A61DA98007FCA8E /* LaunchScreen.xib */,
				CF889CC11A89D6D5004D2206 /* Images.xcassets */,
				CF0BE8071A61DA98007FCA8E /* Supporting Files */,
				CF0BE8601A64501D007FCA8E /* Thesis-Bridging-Header.h */,
			);
			path = Thesis;
			sourceTree = "<group>";
		};
		CF0BE8071A61DA98007FCA8E /* Supporting Files */ = {
			isa = PBXGroup;
			children = (
				CF7E4FE91A8B859E00E131C5 /* Scenes */,
				CFF8D7151A7ECA54003CF3DD /* Readings */,
				CF0BE82D1A636D06007FCA8E /* Thesis.entitlements */,
				CF0BE8081A61DA98007FCA8E /* Info.plist */,
				CFF8D6D81A7EBAC2003CF3DD /* Readings.plist */,
				CFA5D2BD1A9B5F1300CFFADF /* Statements.plist */,
			);
			name = "Supporting Files";
			sourceTree = "<group>";
		};
		CF6FA8FA1A8AFFDD00856C8C /* Relax */ = {
			isa = PBXGroup;
			children = (
				CFD38CC01A9BA82E00176F9E /* DeepBreathingViewController.swift */,
				CFA5D2C81A9B624400CFFADF /* Calming Scenes */,
				CFA5D2C51A9B620200CFFADF /* Statements */,
				EC3317A21A64378D00DD6604 /* RelaxViewController.swift */,
				CF260EF81A9D19B300E1C053 /* MoodPickerView.swift */,
				CF260EFC1A9D377B00E1C053 /* DurationPickerView.swift */,
				CFF6E2321A8CDAD100881B40 /* RelaxationController.swift */,
			);
			name = Relax;
			sourceTree = "<group>";
		};
		CF6FA8FB1A8AFFFC00856C8C /* Learn */ = {
			isa = PBXGroup;
			children = (
				CFF8D6D61A7EB853003CF3DD /* LearnViewController.swift */,
				EC063E301A892433008FDA6C /* LearnHeaderView.swift */,
				EC063E2C1A890ECA008FDA6C /* ReadingTableViewCell.swift */,
				CFBB40671A9934730036065A /* ReadingTableViewCell+ConfigureForReading.swift */,
				CFF8D70C1A7EC722003CF3DD /* ReadingViewController.swift */,
				CF6FA8E61A8A714D00856C8C /* UIWebView+ConfigureForReading.swift */,
			);
			name = Learn;
			sourceTree = "<group>";
		};
		CF6FA8FC1A8B000300856C8C /* Reflect */ = {
			isa = PBXGroup;
			children = (
				CF9D9C551A84478B002DAB17 /* ReflectViewController.swift */,
				CF4110491A84529500A78347 /* ReflectHeaderView.swift */,
				CFBB8DB01A87C4A20087AA3A /* ReflectTableViewCell.swift */,
				CFBB40691A9934FC0036065A /* ReflectTableViewCell+ConfigureForReflection.swift */,
				CF6FA8F21A8AD11E00856C8C /* ReflectSectionHeaderView.swift */,
				CFBB406B1A9935170036065A /* ReflectSectionHeaderView+ConfigureForDate.swift */,
				CF4737EB1A943EC600F6D6D0 /* ReflectReminderView.swift */,
				CFBB406D1A99352B0036065A /* ReflectReminderView+ConfigureForSection.swift */,
				CFEDD0321A8853E2000A1492 /* AddReflectionPageView.swift */,
				CF41104B1A84579400A78347 /* AddReflectionViewController.swift */,
			);
			name = Reflect;
			sourceTree = "<group>";
		};
		CF76D1CD1A7EF67000A32859 /* Onboarding */ = {
			isa = PBXGroup;
			children = (
				CF76D1C91A7EF5FA00A32859 /* OnboardingViewController.swift */,
				CF76D1CB1A7EF64700A32859 /* OnboardingWelcomeController.swift */,
				CFA5D2B71A9AD35C00CFFADF /* OnboardingGADController.swift */,
				CFA5D2B91A9AD59C00CFFADF /* OnboardingTutorialController.swift */,
				CFA5D2BB1A9B3A7400CFFADF /* OnboardingReminderController.swift */,
				CF76D1CE1A7EF76900A32859 /* OnboardingCompleteController.swift */,
			);
			name = Onboarding;
			sourceTree = "<group>";
		};
		CFA5D2C51A9B620200CFFADF /* Statements */ = {
			isa = PBXGroup;
			children = (
				CFA5D2BF1A9B5F7A00CFFADF /* StatementsViewController.swift */,
				CFA5D2C11A9B60C300CFFADF /* StatementTableViewCell.swift */,
				CFA5D2C31A9B60CD00CFFADF /* StatementTableViewCell+ConfigureForStatement.swift */,
				CFA5D2C91A9B628600CFFADF /* StatementsHeaderView.swift */,
				CFA5D2CB1A9B63FE00CFFADF /* StatementsFooterView.swift */,
			);
			name = Statements;
			sourceTree = "<group>";
		};
		CFA5D2C81A9B624400CFFADF /* Calming Scenes */ = {
			isa = PBXGroup;
			children = (
				CF7E4FE71A8B84FA00E131C5 /* CalmingScenesViewController.swift */,
				CFA5D2C61A9B621B00CFFADF /* CalmingSceneViewController.swift */,
			);
			name = "Calming Scenes";
			sourceTree = "<group>";
		};
		CFBA823A1A8704340030F13D /* Extensions */ = {
			isa = PBXGroup;
			children = (
				CF7383B11AA1FBC6009A3428 /* UIView+Animations.swift */,
				CFF6E2341A8CF4F000881B40 /* UIButton+Positioning.swift */,
				CF6FA8F01A8ABBEC00856C8C /* NSDate+Additions.swift */,
				CF65D9431A9FCB85006F7D42 /* NSDate+Thesis.swift */,
				CF6FA8E41A8A55CD00856C8C /* UIApplication+Thesis.swift */,
				CF65D9411A9FB5E8006F7D42 /* UILocalNotification+Thesis.swift */,
				CF889CBC1A89CDBF004D2206 /* UIAppearance+Swift.h */,
				CF889CBD1A89CDE2004D2206 /* UIAppearance+Swift.m */,
				CFBB8DB61A87CF300087AA3A /* SDCloudUserDefaults+Thesis.swift */,
				CFBA82701A870B120030F13D /* UIColor+Thesis.swift */,
				CFEDD02E1A87F109000A1492 /* UIColor+RGB.swift */,
				CF6FA8E01A8A3EF300856C8C /* UITabBar+State.swift */,
				EC6FB7131A9E28640091199F /* UIImageView+Thesis.swift */,
				CFC201101A9F47F700B61D66 /* UINavigationController+StatusBar.swift */,
			);
			name = Extensions;
			sourceTree = "<group>";
		};
		CFBA823B1A8704400030F13D /* Controllers */ = {
			isa = PBXGroup;
			children = (
				ECBE8D981A8BA1E7000AC325 /* SlidingViewController.swift */,
				CFF74A3D1A9914130081DF9F /* FullScreenController.swift */,
				CF6FA8E81A8AA2E800856C8C /* RootViewController.swift */,
				CFB3B0C51A9D4B700036984A /* FadeTransitionManager.swift */,
			);
			name = Controllers;
			sourceTree = "<group>";
		};
		CFBA823C1A8704460030F13D /* Models */ = {
			isa = PBXGroup;
			children = (
				CF6FA8F81A8AF5F600856C8C /* Mood.swift */,
				CF60AD1B1A9BEA2300D57453 /* Duration.swift */,
				CF725FCE1A82D09300B6EE2B /* Reflection.swift */,
			);
			name = Models;
			sourceTree = "<group>";
		};
		CFBA823D1A8704510030F13D /* Views */ = {
			isa = PBXGroup;
			children = (
				CF65D93F1A9F50CF006F7D42 /* DailyReminderView.swift */,
				CFCA71871A942CCA00D0B896 /* LBorderView.h */,
				CFCA71881A942CE500D0B896 /* LBorderView.m */,
				CF889CB81A89B7C0004D2206 /* FloatingTabBar.swift */,
				CFE5F58B1A93862A0011008A /* ChunkyButton.swift */,
				CFF74A3F1A9916B70081DF9F /* ConstrainedTableView.swift */,
			);
			name = Views;
			sourceTree = "<group>";
		};
/* End PBXGroup section */

/* Begin PBXNativeTarget section */
		CF0BE8031A61DA98007FCA8E /* Thesis */ = {
			isa = PBXNativeTarget;
			buildConfigurationList = CF0BE8271A61DA98007FCA8E /* Build configuration list for PBXNativeTarget "Thesis" */;
			buildPhases = (
				D7BD2B5328998EBE79ED56A2 /* Check Pods Manifest.lock */,
				CF0BE8001A61DA98007FCA8E /* Sources */,
				CF0BE8011A61DA98007FCA8E /* Frameworks */,
				CF0BE8021A61DA98007FCA8E /* Resources */,
				2B50AD28A2194E8A4CD02B8D /* Copy Pods Resources */,
				9A2D617D637A5B45AD7E1118 /* Embed Pods Frameworks */,
			);
			buildRules = (
			);
			dependencies = (
			);
			name = Thesis;
			productName = Thesis;
			productReference = CF0BE8041A61DA98007FCA8E /* Thesis.app */;
			productType = "com.apple.product-type.application";
		};
/* End PBXNativeTarget section */

/* Begin PBXProject section */
		CF0BE7FC1A61DA98007FCA8E /* Project object */ = {
			isa = PBXProject;
			attributes = {
				LastUpgradeCheck = 0610;
				ORGANIZATIONNAME = "Maxwell Barvian";
				TargetAttributes = {
					CF0BE8031A61DA98007FCA8E = {
						CreatedOnToolsVersion = 6.1;
						DevelopmentTeam = AU66XYDU5A;
						SystemCapabilities = {
							com.apple.iCloud = {
								enabled = 1;
							};
						};
					};
				};
			};
			buildConfigurationList = CF0BE7FF1A61DA98007FCA8E /* Build configuration list for PBXProject "Thesis" */;
			compatibilityVersion = "Xcode 3.2";
			developmentRegion = English;
			hasScannedForEncodings = 0;
			knownRegions = (
				en,
				Base,
			);
			mainGroup = CF0BE7FB1A61DA98007FCA8E;
			productRefGroup = CF0BE8051A61DA98007FCA8E /* Products */;
			projectDirPath = "";
			projectRoot = "";
			targets = (
				CF0BE8031A61DA98007FCA8E /* Thesis */,
			);
		};
/* End PBXProject section */

/* Begin PBXResourcesBuildPhase section */
		CF0BE8021A61DA98007FCA8E /* Resources */ = {
			isa = PBXResourcesBuildPhase;
			buildActionMask = 2147483647;
			files = (
				CF0BE8181A61DA98007FCA8E /* LaunchScreen.xib in Resources */,
				CFA5D2BE1A9B5F1300CFFADF /* Statements.plist in Resources */,
				CF889CC21A89D6D5004D2206 /* Images.xcassets in Resources */,
				CF889CB71A89B3F0004D2206 /* Main.storyboard in Resources */,
				CF7E4FEA1A8B859E00E131C5 /* Scenes in Resources */,
				CFF8D6D91A7EBAC2003CF3DD /* Readings.plist in Resources */,
				CFF8D7161A7ECA54003CF3DD /* Readings in Resources */,
			);
			runOnlyForDeploymentPostprocessing = 0;
		};
/* End PBXResourcesBuildPhase section */

/* Begin PBXShellScriptBuildPhase section */
		2B50AD28A2194E8A4CD02B8D /* Copy Pods Resources */ = {
			isa = PBXShellScriptBuildPhase;
			buildActionMask = 2147483647;
			files = (
			);
			inputPaths = (
			);
			name = "Copy Pods Resources";
			outputPaths = (
			);
			runOnlyForDeploymentPostprocessing = 0;
			shellPath = /bin/sh;
			shellScript = "\"${SRCROOT}/Pods/Target Support Files/Pods/Pods-resources.sh\"\n";
			showEnvVarsInLog = 0;
		};
		9A2D617D637A5B45AD7E1118 /* Embed Pods Frameworks */ = {
			isa = PBXShellScriptBuildPhase;
			buildActionMask = 2147483647;
			files = (
			);
			inputPaths = (
			);
			name = "Embed Pods Frameworks";
			outputPaths = (
			);
			runOnlyForDeploymentPostprocessing = 0;
			shellPath = /bin/sh;
			shellScript = "\"${SRCROOT}/Pods/Target Support Files/Pods/Pods-frameworks.sh\"\n";
			showEnvVarsInLog = 0;
		};
		D7BD2B5328998EBE79ED56A2 /* Check Pods Manifest.lock */ = {
			isa = PBXShellScriptBuildPhase;
			buildActionMask = 2147483647;
			files = (
			);
			inputPaths = (
			);
			name = "Check Pods Manifest.lock";
			outputPaths = (
			);
			runOnlyForDeploymentPostprocessing = 0;
			shellPath = /bin/sh;
			shellScript = "diff \"${PODS_ROOT}/../Podfile.lock\" \"${PODS_ROOT}/Manifest.lock\" > /dev/null\nif [[ $? != 0 ]] ; then\n    cat << EOM\nerror: The sandbox is not in sync with the Podfile.lock. Run 'pod install' or update your CocoaPods installation.\nEOM\n    exit 1\nfi\n";
			showEnvVarsInLog = 0;
		};
/* End PBXShellScriptBuildPhase section */

/* Begin PBXSourcesBuildPhase section */
		CF0BE8001A61DA98007FCA8E /* Sources */ = {
			isa = PBXSourcesBuildPhase;
			buildActionMask = 2147483647;
			files = (
				CF260EFD1A9D377B00E1C053 /* DurationPickerView.swift in Sources */,
				CF7E4FE81A8B84FA00E131C5 /* CalmingScenesViewController.swift in Sources */,
				CF6FA8F11A8ABBEC00856C8C /* NSDate+Additions.swift in Sources */,
				CF9D9C561A84478B002DAB17 /* ReflectViewController.swift in Sources */,
				CFA5D2C01A9B5F7A00CFFADF /* StatementsViewController.swift in Sources */,
				CF6FA8E71A8A714D00856C8C /* UIWebView+ConfigureForReading.swift in Sources */,
				CFBA82711A870B120030F13D /* UIColor+Thesis.swift in Sources */,
				CFA5D2C71A9B621B00CFFADF /* CalmingSceneViewController.swift in Sources */,
				CFE5F58C1A93862A0011008A /* ChunkyButton.swift in Sources */,
				CFF74A401A9916B70081DF9F /* ConstrainedTableView.swift in Sources */,
				EC3317A31A64378D00DD6604 /* RelaxViewController.swift in Sources */,
				CF6FA8E91A8AA2E800856C8C /* RootViewController.swift in Sources */,
				CFA5D2CA1A9B628600CFFADF /* StatementsHeaderView.swift in Sources */,
				CF65D9441A9FCB85006F7D42 /* NSDate+Thesis.swift in Sources */,
				CFA5D2C41A9B60CD00CFFADF /* StatementTableViewCell+ConfigureForStatement.swift in Sources */,
				CF76D1CF1A7EF76900A32859 /* OnboardingCompleteController.swift in Sources */,
				CF6FA8F31A8AD11E00856C8C /* ReflectSectionHeaderView.swift in Sources */,
				CF7383B21AA1FBC6009A3428 /* UIView+Animations.swift in Sources */,
				CF6FA8E51A8A55CD00856C8C /* UIApplication+Thesis.swift in Sources */,
				CF889CBE1A89CDE2004D2206 /* UIAppearance+Swift.m in Sources */,
				CF65D9421A9FB5E8006F7D42 /* UILocalNotification+Thesis.swift in Sources */,
				CFF6E2351A8CF4F000881B40 /* UIButton+Positioning.swift in Sources */,
				CF260EF91A9D19B300E1C053 /* MoodPickerView.swift in Sources */,
				EC6FB7141A9E28640091199F /* UIImageView+Thesis.swift in Sources */,
				CFA5D2BA1A9AD59C00CFFADF /* OnboardingTutorialController.swift in Sources */,
				CFEDD0331A8853E2000A1492 /* AddReflectionPageView.swift in Sources */,
				CF41104A1A84529500A78347 /* ReflectHeaderView.swift in Sources */,
				CF41104C1A84579400A78347 /* AddReflectionViewController.swift in Sources */,
				ECBE8D991A8BA1E7000AC325 /* SlidingViewController.swift in Sources */,
				CFBB406C1A9935170036065A /* ReflectSectionHeaderView+ConfigureForDate.swift in Sources */,
				CFA5D2B81A9AD35C00CFFADF /* OnboardingGADController.swift in Sources */,
				CF76D1CA1A7EF5FA00A32859 /* OnboardingViewController.swift in Sources */,
				CFF74A3E1A9914130081DF9F /* FullScreenController.swift in Sources */,
				CF65D9401A9F50CF006F7D42 /* DailyReminderView.swift in Sources */,
				EC063E2D1A890ECA008FDA6C /* ReadingTableViewCell.swift in Sources */,
				CFB3B0C61A9D4B700036984A /* FadeTransitionManager.swift in Sources */,
				CF0BE80A1A61DA98007FCA8E /* AppDelegate.swift in Sources */,
				CFA5D2BC1A9B3A7400CFFADF /* OnboardingReminderController.swift in Sources */,
				CFD38CC11A9BA82E00176F9E /* DeepBreathingViewController.swift in Sources */,
				CFCA71891A942CE500D0B896 /* LBorderView.m in Sources */,
				CF4737EC1A943EC600F6D6D0 /* ReflectReminderView.swift in Sources */,
				CFF8D6D71A7EB853003CF3DD /* LearnViewController.swift in Sources */,
				CF76D1CC1A7EF64700A32859 /* OnboardingWelcomeController.swift in Sources */,
				CFA5D2CC1A9B63FE00CFFADF /* StatementsFooterView.swift in Sources */,
				CFF6E2331A8CDAD100881B40 /* RelaxationController.swift in Sources */,
				CF889CB91A89B7C0004D2206 /* FloatingTabBar.swift in Sources */,
				CFEDD02F1A87F109000A1492 /* UIColor+RGB.swift in Sources */,
				CF6FA8F91A8AF5F600856C8C /* Mood.swift in Sources */,
				EC063E311A892433008FDA6C /* LearnHeaderView.swift in Sources */,
				CFA5D2C21A9B60C300CFFADF /* StatementTableViewCell.swift in Sources */,
				CFC201111A9F47F700B61D66 /* UINavigationController+StatusBar.swift in Sources */,
				CF60AD1C1A9BEA2300D57453 /* Duration.swift in Sources */,
				CFBB40681A9934730036065A /* ReadingTableViewCell+ConfigureForReading.swift in Sources */,
				CFBB8DB71A87CF300087AA3A /* SDCloudUserDefaults+Thesis.swift in Sources */,
				CFBB406A1A9934FC0036065A /* ReflectTableViewCell+ConfigureForReflection.swift in Sources */,
				CFBB8DB11A87C4A20087AA3A /* ReflectTableViewCell.swift in Sources */,
				CF725FCF1A82D09300B6EE2B /* Reflection.swift in Sources */,
				CF6FA8E11A8A3EF300856C8C /* UITabBar+State.swift in Sources */,
				CFBB406E1A99352B0036065A /* ReflectReminderView+ConfigureForSection.swift in Sources */,
				CFF8D70D1A7EC722003CF3DD /* ReadingViewController.swift in Sources */,
			);
			runOnlyForDeploymentPostprocessing = 0;
		};
/* End PBXSourcesBuildPhase section */

/* Begin PBXVariantGroup section */
		CF0BE8161A61DA98007FCA8E /* LaunchScreen.xib */ = {
			isa = PBXVariantGroup;
			children = (
				CF0BE8171A61DA98007FCA8E /* Base */,
			);
			name = LaunchScreen.xib;
			sourceTree = "<group>";
		};
		CF889CB51A89B3F0004D2206 /* Main.storyboard */ = {
			isa = PBXVariantGroup;
			children = (
				CF889CB61A89B3F0004D2206 /* Base */,
			);
			name = Main.storyboard;
			sourceTree = "<group>";
		};
/* End PBXVariantGroup section */

/* Begin XCBuildConfiguration section */
		CF0BE8251A61DA98007FCA8E /* Debug */ = {
			isa = XCBuildConfiguration;
			buildSettings = {
				ALWAYS_SEARCH_USER_PATHS = NO;
				CLANG_CXX_LANGUAGE_STANDARD = "gnu++0x";
				CLANG_CXX_LIBRARY = "libc++";
				CLANG_ENABLE_MODULES = YES;
				CLANG_ENABLE_OBJC_ARC = YES;
				CLANG_WARN_BOOL_CONVERSION = YES;
				CLANG_WARN_CONSTANT_CONVERSION = YES;
				CLANG_WARN_DIRECT_OBJC_ISA_USAGE = YES_ERROR;
				CLANG_WARN_EMPTY_BODY = YES;
				CLANG_WARN_ENUM_CONVERSION = YES;
				CLANG_WARN_INT_CONVERSION = YES;
				CLANG_WARN_OBJC_ROOT_CLASS = YES_ERROR;
				CLANG_WARN_UNREACHABLE_CODE = YES;
				CLANG_WARN__DUPLICATE_METHOD_MATCH = YES;
				"CODE_SIGN_IDENTITY[sdk=iphoneos*]" = "iPhone Developer";
				COPY_PHASE_STRIP = NO;
				ENABLE_STRICT_OBJC_MSGSEND = YES;
				GCC_C_LANGUAGE_STANDARD = gnu99;
				GCC_DYNAMIC_NO_PIC = NO;
				GCC_OPTIMIZATION_LEVEL = 0;
				GCC_PREPROCESSOR_DEFINITIONS = (
					"DEBUG=1",
					"$(inherited)",
				);
				GCC_SYMBOLS_PRIVATE_EXTERN = NO;
				GCC_WARN_64_TO_32_BIT_CONVERSION = YES;
				GCC_WARN_ABOUT_RETURN_TYPE = YES_ERROR;
				GCC_WARN_UNDECLARED_SELECTOR = YES;
				GCC_WARN_UNINITIALIZED_AUTOS = YES_AGGRESSIVE;
				GCC_WARN_UNUSED_FUNCTION = YES;
				GCC_WARN_UNUSED_VARIABLE = YES;
				IPHONEOS_DEPLOYMENT_TARGET = 8.1;
				MTL_ENABLE_DEBUG_INFO = YES;
				ONLY_ACTIVE_ARCH = YES;
				SDKROOT = iphoneos;
				SWIFT_OPTIMIZATION_LEVEL = "-Onone";
			};
			name = Debug;
		};
		CF0BE8261A61DA98007FCA8E /* Release */ = {
			isa = XCBuildConfiguration;
			buildSettings = {
				ALWAYS_SEARCH_USER_PATHS = NO;
				CLANG_CXX_LANGUAGE_STANDARD = "gnu++0x";
				CLANG_CXX_LIBRARY = "libc++";
				CLANG_ENABLE_MODULES = YES;
				CLANG_ENABLE_OBJC_ARC = YES;
				CLANG_WARN_BOOL_CONVERSION = YES;
				CLANG_WARN_CONSTANT_CONVERSION = YES;
				CLANG_WARN_DIRECT_OBJC_ISA_USAGE = YES_ERROR;
				CLANG_WARN_EMPTY_BODY = YES;
				CLANG_WARN_ENUM_CONVERSION = YES;
				CLANG_WARN_INT_CONVERSION = YES;
				CLANG_WARN_OBJC_ROOT_CLASS = YES_ERROR;
				CLANG_WARN_UNREACHABLE_CODE = YES;
				CLANG_WARN__DUPLICATE_METHOD_MATCH = YES;
				"CODE_SIGN_IDENTITY[sdk=iphoneos*]" = "iPhone Developer";
				COPY_PHASE_STRIP = YES;
				ENABLE_NS_ASSERTIONS = NO;
				ENABLE_STRICT_OBJC_MSGSEND = YES;
				GCC_C_LANGUAGE_STANDARD = gnu99;
				GCC_WARN_64_TO_32_BIT_CONVERSION = YES;
				GCC_WARN_ABOUT_RETURN_TYPE = YES_ERROR;
				GCC_WARN_UNDECLARED_SELECTOR = YES;
				GCC_WARN_UNINITIALIZED_AUTOS = YES_AGGRESSIVE;
				GCC_WARN_UNUSED_FUNCTION = YES;
				GCC_WARN_UNUSED_VARIABLE = YES;
				IPHONEOS_DEPLOYMENT_TARGET = 8.1;
				MTL_ENABLE_DEBUG_INFO = NO;
				SDKROOT = iphoneos;
				VALIDATE_PRODUCT = YES;
			};
			name = Release;
		};
		CF0BE8281A61DA98007FCA8E /* Debug */ = {
			isa = XCBuildConfiguration;
			baseConfigurationReference = C2684FB78F3DE3C94E8F7299 /* Pods.debug.xcconfig */;
			buildSettings = {
				ASSETCATALOG_COMPILER_APPICON_NAME = AppIcon;
				CLANG_ENABLE_MODULES = YES;
				CODE_SIGN_ENTITLEMENTS = Thesis/Thesis.entitlements;
				CODE_SIGN_IDENTITY = "iPhone Developer";
				"CODE_SIGN_IDENTITY[sdk=iphoneos*]" = "iPhone Developer";
				DEFINES_MODULE = NO;
				INFOPLIST_FILE = Thesis/Info.plist;
				LD_RUNPATH_SEARCH_PATHS = "$(inherited) @executable_path/Frameworks";
				PRODUCT_NAME = "$(TARGET_NAME)";
				PROVISIONING_PROFILE = "";
				SWIFT_OBJC_BRIDGING_HEADER = "Thesis/Thesis-Bridging-Header.h";
				SWIFT_OPTIMIZATION_LEVEL = "-Onone";
				USER_HEADER_SEARCH_PATHS = "${PODS_ROOT}/Headers/Public/**";
			};
			name = Debug;
		};
		CF0BE8291A61DA98007FCA8E /* Release */ = {
			isa = XCBuildConfiguration;
			baseConfigurationReference = 103EE2BE3C6876CE274F4D9A /* Pods.release.xcconfig */;
			buildSettings = {
				ASSETCATALOG_COMPILER_APPICON_NAME = AppIcon;
				CLANG_ENABLE_MODULES = YES;
				CODE_SIGN_ENTITLEMENTS = Thesis/Thesis.entitlements;
				CODE_SIGN_IDENTITY = "iPhone Developer";
				"CODE_SIGN_IDENTITY[sdk=iphoneos*]" = "iPhone Developer";
				DEFINES_MODULE = NO;
				INFOPLIST_FILE = Thesis/Info.plist;
				LD_RUNPATH_SEARCH_PATHS = "$(inherited) @executable_path/Frameworks";
				PRODUCT_NAME = "$(TARGET_NAME)";
				PROVISIONING_PROFILE = "";
				SWIFT_OBJC_BRIDGING_HEADER = "Thesis/Thesis-Bridging-Header.h";
				USER_HEADER_SEARCH_PATHS = "${PODS_ROOT}/Headers/Public/**";
			};
			name = Release;
		};
/* End XCBuildConfiguration section */

/* Begin XCConfigurationList section */
		CF0BE7FF1A61DA98007FCA8E /* Build configuration list for PBXProject "Thesis" */ = {
			isa = XCConfigurationList;
			buildConfigurations = (
				CF0BE8251A61DA98007FCA8E /* Debug */,
				CF0BE8261A61DA98007FCA8E /* Release */,
			);
			defaultConfigurationIsVisible = 0;
			defaultConfigurationName = Release;
		};
		CF0BE8271A61DA98007FCA8E /* Build configuration list for PBXNativeTarget "Thesis" */ = {
			isa = XCConfigurationList;
			buildConfigurations = (
				CF0BE8281A61DA98007FCA8E /* Debug */,
				CF0BE8291A61DA98007FCA8E /* Release */,
			);
			defaultConfigurationIsVisible = 0;
			defaultConfigurationName = Release;
		};
/* End XCConfigurationList section */
	};
	rootObject = CF0BE7FC1A61DA98007FCA8E /* Project object */;
}
